{
  "name": "colocate-loader",
  "version": "0.0.1",
  "lockfileVersion": 1,
  "requires": true,
  "dependencies": {
    "babel-core": {
      "version": "6.25.0",
      "resolved": "https://registry.npmjs.org/babel-core/-/babel-core-6.25.0.tgz",
      "integrity": "sha1-fdQrBGPHQunVKW3rPsZ6kyLa1yk=",
      "dev": true
    },
    "babel-loader": {
      "version": "7.1.1",
      "resolved": "https://registry.npmjs.org/babel-loader/-/babel-loader-7.1.1.tgz",
      "integrity": "sha1-uHE0yLEuPkwqlOBUYIW8aAorhIg=",
      "dev": true
    },
    "babel-preset-env": {
      "version": "1.5.2",
      "resolved": "https://registry.npmjs.org/babel-preset-env/-/babel-preset-env-1.5.2.tgz",
      "integrity": "sha1-zUrpCm6Utwn5c3SzPl+LmDVWre8=",
      "dev": true
    },
    "camelcase": {
      "version": "4.1.0",
      "resolved": "https://registry.npmjs.org/camelcase/-/camelcase-4.1.0.tgz",
      "integrity": "sha1-1UVjW+HjPFQmScaRc+Xeas+uNN0="
    },
    "cheerio": {
      "version": "1.0.0-rc.1",
      "resolved": "https://registry.npmjs.org/cheerio/-/cheerio-1.0.0-rc.1.tgz",
      "integrity": "sha1-KvNzOeq3E+9rcs3pjO+mcrh2Qf4="
    },
    "coveralls": {
      "version": "2.13.1",
      "resolved": "https://registry.npmjs.org/coveralls/-/coveralls-2.13.1.tgz",
      "integrity": "sha1-1wu5rMGDXsTwY/+drFQjwXsR8Xg=",
      "dev": true,
      "dependencies": {
        "minimist": {
          "version": "1.2.0",
          "resolved": "https://registry.npmjs.org/minimist/-/minimist-1.2.0.tgz",
          "integrity": "sha1-o1AIsg9BOD7sH7kU9M1d95omQoQ="
        }
      }
    },
    "eslint": {
      "version": "3.19.0",
      "resolved": "https://registry.npmjs.org/eslint/-/eslint-3.19.0.tgz",
      "integrity": "sha1-yPxiAcf0DdCJQbh8CFdnOGpnmsw=",
      "dev": true,
      "dependencies": {
        "ansi-escapes": {
          "version": "1.4.0",
          "resolved": "https://registry.npmjs.org/ansi-escapes/-/ansi-escapes-1.4.0.tgz",
          "integrity": "sha1-06ioOzGapneTZisT52HHkRQiMG4="
        },
        "cli-cursor": {
          "version": "1.0.2",
          "resolved": "https://registry.npmjs.org/cli-cursor/-/cli-cursor-1.0.2.tgz",
          "integrity": "sha1-ZNo/fValRBLll5S9Ytw1KV6PKYc="
        },
        "figures": {
          "version": "1.7.0",
          "resolved": "https://registry.npmjs.org/figures/-/figures-1.7.0.tgz",
          "integrity": "sha1-y+Hjr/zxzUS4DK3+0o3Hk6lwHS4="
        },
        "inquirer": {
          "version": "0.12.0",
          "resolved": "https://registry.npmjs.org/inquirer/-/inquirer-0.12.0.tgz",
          "integrity": "sha1-HvK/1jUE3wvHV4X/+MLEHfEvB34="
        },
        "is-fullwidth-code-point": {
          "version": "1.0.0",
          "resolved": "https://registry.npmjs.org/is-fullwidth-code-point/-/is-fullwidth-code-point-1.0.0.tgz",
          "integrity": "sha1-754xOG8DGn8NZDr4L95QxFfvAMs="
        },
        "onetime": {
          "version": "1.1.0",
          "resolved": "https://registry.npmjs.org/onetime/-/onetime-1.1.0.tgz",
          "integrity": "sha1-ofeDj4MUxRbwXs78vEzP4EtO14k="
        },
        "pluralize": {
          "version": "1.2.1",
          "resolved": "https://registry.npmjs.org/pluralize/-/pluralize-1.2.1.tgz",
          "integrity": "sha1-0aIUg/0iu0HlihL6NCGCMUCJfEU="
        },
        "progress": {
          "version": "1.1.8",
          "resolved": "https://registry.npmjs.org/progress/-/progress-1.1.8.tgz",
          "integrity": "sha1-4mDHj2Fhzdmw5WzD4Khd4Xx6V74="
        },
        "restore-cursor": {
          "version": "1.0.1",
          "resolved": "https://registry.npmjs.org/restore-cursor/-/restore-cursor-1.0.1.tgz",
          "integrity": "sha1-NGYfRohjJ/7SmRR5FSJS35LapUE="
        },
        "run-async": {
          "version": "0.1.0",
          "resolved": "https://registry.npmjs.org/run-async/-/run-async-0.1.0.tgz",
          "integrity": "sha1-yK1KXhEGYeQCp9IbUw4AnyX444k="
        },
        "rx-lite": {
          "version": "3.1.2",
          "resolved": "https://registry.npmjs.org/rx-lite/-/rx-lite-3.1.2.tgz",
          "integrity": "sha1-Gc5QLKVyZl87ZHsQk5+X/RYV8QI="
        },
        "string-width": {
          "version": "1.0.2",
          "resolved": "https://registry.npmjs.org/string-width/-/string-width-1.0.2.tgz",
          "integrity": "sha1-EYvfW4zcUaKn5w0hHgfisLmxB9M="
        },
        "table": {
          "version": "3.8.3",
          "resolved": "https://registry.npmjs.org/table/-/table-3.8.3.tgz",
          "integrity": "sha1-K7xULw/amGGnVdOUf+/Ys/UThV8=",
          "dependencies": {
            "ansi-regex": {
              "version": "3.0.0",
              "resolved": "https://registry.npmjs.org/ansi-regex/-/ansi-regex-3.0.0.tgz",
              "integrity": "sha1-7QMXwyIGT3lGbAKWa922Bas32Zg="
            },
            "is-fullwidth-code-point": {
              "version": "2.0.0",
              "resolved": "https://registry.npmjs.org/is-fullwidth-code-point/-/is-fullwidth-code-point-2.0.0.tgz",
              "integrity": "sha1-o7MKXE8ZkYMWeqq5O+764937ZU8="
            },
            "string-width": {
              "version": "2.1.0",
              "resolved": "https://registry.npmjs.org/string-width/-/string-width-2.1.0.tgz",
              "integrity": "sha1-AwZkVh/BRslCPsfZeP4kV0N/5tA="
            },
            "strip-ansi": {
              "version": "4.0.0",
              "resolved": "https://registry.npmjs.org/strip-ansi/-/strip-ansi-4.0.0.tgz",
              "integrity": "sha1-qEeQIusaw2iocTibY1JixQXuNo8="
            }
          }
        }
      }
    },
    "eslint-config-airbnb-base": {
      "version": "11.2.0",
      "resolved": "https://registry.npmjs.org/eslint-config-airbnb-base/-/eslint-config-airbnb-base-11.2.0.tgz",
      "integrity": "sha1-GancRIGib3CQRUXsBAEWh2AY+FM=",
      "dev": true
    },
    "eslint-config-prettier": {
      "version": "2.2.0",
      "resolved": "https://registry.npmjs.org/eslint-config-prettier/-/eslint-config-prettier-2.2.0.tgz",
      "integrity": "sha1-ykdmOFJ4mnXBD+umc+gCzB7/CF8=",
      "dev": true
    },
    "eslint-plugin-import": {
      "version": "2.6.0",
      "resolved": "https://registry.npmjs.org/eslint-plugin-import/-/eslint-plugin-import-2.6.0.tgz",
      "integrity": "sha512-JdkYDmMMjhxW6X/IVclD+vQXO6e2nJJT4cKcyTw95mvBCWkr8THXKFhc+WCvGvOscjGuLQzUB7tBeJddrg2jig==",
      "dev": true,
      "dependencies": {
        "doctrine": {
          "version": "1.5.0",
          "resolved": "https://registry.npmjs.org/doctrine/-/doctrine-1.5.0.tgz",
          "integrity": "sha1-N53Ocw9hZvds76TmcHoVmwLFpvo="
        }
      }
    },
    "eslint-plugin-prettier": {
      "version": "2.1.2",
      "resolved": "https://registry.npmjs.org/eslint-plugin-prettier/-/eslint-plugin-prettier-2.1.2.tgz",
      "integrity": "sha1-S5D07n+Sv74ukmAX4cpA62KJZeo=",
      "dev": true
    },
    "jest": {
      "version": "20.0.4",
      "resolved": "https://registry.npmjs.org/jest/-/jest-20.0.4.tgz",
      "integrity": "sha1-PdJgwpidba1nix6cxNkZRPbWAqw=",
      "dev": true,
      "dependencies": {
        "ansi-escapes": {
          "version": "1.4.0",
          "resolved": "https://registry.npmjs.org/ansi-escapes/-/ansi-escapes-1.4.0.tgz",
          "integrity": "sha1-06ioOzGapneTZisT52HHkRQiMG4="
        },
        "callsites": {
          "version": "2.0.0",
          "resolved": "https://registry.npmjs.org/callsites/-/callsites-2.0.0.tgz",
          "integrity": "sha1-BuuE8A7qQT2oav/vrL/7Ngk7PFA="
        },
        "jest-cli": {
          "version": "20.0.4",
          "resolved": "https://registry.npmjs.org/jest-cli/-/jest-cli-20.0.4.tgz",
          "integrity": "sha1-5TKxnYiuW8bEF+iwWTpv6VSx3JM="
        }
      }
    },
    "loader-utils": {
      "version": "1.4.2",
      "resolved": "https://registry.npmjs.org/loader-utils/-/loader-utils-1.4.2.tgz",
      "integrity": "sha512-I5d00Pd/jwMD2QCduo657+YM/6L3KZu++pmX9VFncxaxvHcru9jx1lBaFft+r4Mt2jK0Yhp41XlRAihzPxHNCg==",
      "requires": {
        "big.js": "^5.2.2",
        "emojis-list": "^3.0.0",
        "json5": "^1.0.1"
      },
      "dependencies": {
        "big.js": {
          "version": "5.2.2",
          "resolved": "https://registry.npmjs.org/big.js/-/big.js-5.2.2.tgz",
          "integrity": "sha512-vyL2OymJxmarO8gxMr0mhChsO9QGwhynfuu4+MHTAW6czfq9humCB7rKpUjDd9YUiDPU4mzpyupFSvOClAwbmQ=="
        },
        "emojis-list": {
          "version": "3.0.0",
          "resolved": "https://registry.npmjs.org/emojis-list/-/emojis-list-3.0.0.tgz",
          "integrity": "sha512-/kyM18EfinwXZbno9FyUGeFh87KC8HRQBQGildHZbEuRyWFOmv1U10o9BBp8XVZDVNNuQKyIGIu5ZYAAXJ0V2Q=="
        },
        "json5": {
          "version": "1.0.1",
          "resolved": "https://registry.npmjs.org/json5/-/json5-1.0.1.tgz",
          "integrity": "sha512-aKS4WQjPenRxiQsC93MNfjx+nbF4PAdYzmd/1JIj8HYzqfbu86beTuNgXDzPknWk0n0uARlyewZo4s++ES36Ow==",
          "requires": {
            "minimist": "^1.2.0"
          }
        },
        "minimist": {
          "version": "1.2.7",
          "resolved": "https://registry.npmjs.org/minimist/-/minimist-1.2.7.tgz",
          "integrity": "sha512-bzfL1YUZsP41gmu/qjrEk0Q6i2ix/cVeAhbCbqH9u3zYutS1cLg00qhrD0M2MVdCcx4Sc0UpP2eBWo9rotpq6g=="
        }
      }
    },
    "memory-fs": {
      "version": "0.4.1",
      "resolved": "https://registry.npmjs.org/memory-fs/-/memory-fs-0.4.1.tgz",
      "integrity": "sha1-OpoguEYlI+RHz7x+i7gO1me/xVI=",
      "dev": true
    },
    "prettier": {
      "version": "1.5.2",
      "resolved": "https://registry.npmjs.org/prettier/-/prettier-1.5.2.tgz",
      "integrity": "sha512-f55mvineQ5yc36cLX4n4RWP6JH6MLcfi5f9MVsjpfBs4MVSG2GYT4v6cukzmvkIOvmNOdCZfDSMY3hQcMcDQbQ==",
      "dev": true
    },
    "styletron-loader": {
      "version": "0.5.6",
      "resolved": "https://registry.npmjs.org/styletron-loader/-/styletron-loader-0.5.6.tgz",
      "integrity": "sha1-rjw9h9wu9nyg4FxgBvAvaMr5blM=",
      "dev": true
    },
    "webpack": {
      "version": "2.6.1",
      "resolved": "https://registry.npmjs.org/webpack/-/webpack-2.6.1.tgz",
      "integrity": "sha1-LgRX8KuxrF3zqxBsacZy8jZ4Xwc=",
      "dev": true,
      "dependencies": {
        "camelcase": {
          "version": "3.0.0",
          "resolved": "https://registry.npmjs.org/camelcase/-/camelcase-3.0.0.tgz",
          "integrity": "sha1-MvxLn82vhF/N9+c7uXysImHwqwo="
        },
        "cliui": {
          "version": "3.2.0",
          "resolved": "https://registry.npmjs.org/cliui/-/cliui-3.2.0.tgz",
          "integrity": "sha1-EgYBU3qRbSmUD5NNo7SNWFo5IT0="
        },
        "find-up": {
          "version": "1.1.2",
          "resolved": "https://registry.npmjs.org/find-up/-/find-up-1.1.2.tgz",
          "integrity": "sha1-ay6YIrGizgpgq2TWEOzK1TyyTQ8="
        },
        "is-fullwidth-code-point": {
          "version": "1.0.0",
          "resolved": "https://registry.npmjs.org/is-fullwidth-code-point/-/is-fullwidth-code-point-1.0.0.tgz",
          "integrity": "sha1-754xOG8DGn8NZDr4L95QxFfvAMs="
        },
        "load-json-file": {
          "version": "1.1.0",
          "resolved": "https://registry.npmjs.org/load-json-file/-/load-json-file-1.1.0.tgz",
          "integrity": "sha1-lWkFcI1YtLq0wiYbBPWfMcmTdMA="
        },
        "loader-utils": {
          "version": "0.2.17",
          "resolved": "https://registry.npmjs.org/loader-utils/-/loader-utils-0.2.17.tgz",
          "integrity": "sha1-+G5jdNQyBabmxg6RlvF8Apm/s0g="
        },
        "path-exists": {
          "version": "2.1.0",
          "resolved": "https://registry.npmjs.org/path-exists/-/path-exists-2.1.0.tgz",
          "integrity": "sha1-D+tsZPD8UY2adU3V77YscCJ2H0s="
        },
        "path-type": {
          "version": "1.1.0",
          "resolved": "https://registry.npmjs.org/path-type/-/path-type-1.1.0.tgz",
          "integrity": "sha1-WcRPfuSR2nBNpBXaWkBwuk+P5EE="
        },
        "read-pkg": {
          "version": "1.1.0",
          "resolved": "https://registry.npmjs.org/read-pkg/-/read-pkg-1.1.0.tgz",
          "integrity": "sha1-9f+qXs0pyzHAR0vKfXVra7KePyg="
        },
        "read-pkg-up": {
          "version": "1.0.1",
          "resolved": "https://registry.npmjs.org/read-pkg-up/-/read-pkg-up-1.0.1.tgz",
          "integrity": "sha1-nWPBMnbAZZGNV/ACpX9AobZD+wI="
        },
        "string-width": {
          "version": "1.0.2",
          "resolved": "https://registry.npmjs.org/string-width/-/string-width-1.0.2.tgz",
          "integrity": "sha1-EYvfW4zcUaKn5w0hHgfisLmxB9M="
        },
        "strip-bom": {
          "version": "2.0.0",
          "resolved": "https://registry.npmjs.org/strip-bom/-/strip-bom-2.0.0.tgz",
          "integrity": "sha1-YhmoVhZSBJHzV4i9vxRHqZx+aw4="
        },
        "supports-color": {
          "version": "3.2.3",
          "resolved": "https://registry.npmjs.org/supports-color/-/supports-color-3.2.3.tgz",
          "integrity": "sha1-ZawFBLOVQXHYpklGsq48u4pfVPY="
        },
        "yargs": {
          "version": "6.6.0",
          "resolved": "https://registry.npmjs.org/yargs/-/yargs-6.6.0.tgz",
          "integrity": "sha1-eC7CHvQDNF+DCoCMo9UTr1YGUgg="
        },
        "yargs-parser": {
          "version": "4.2.1",
          "resolved": "https://registry.npmjs.org/yargs-parser/-/yargs-parser-4.2.1.tgz",
          "integrity": "sha1-KczqwNxPA8bIe0qfIX3RjJ90hxw="
        }
      }
    }
  }
}
